
Microsoft Visual Studio Solution File, Format Version 11.00
# Visual Studio 2010
Project("{8BC9CEB8-8B4A-11D0-8D11-00A0C91BC942}") = "STL", "STL\STL.vcxproj", "{58743F9C-56DC-4546-819A-2387B92D5E60}"
EndProject
Project("{8BC9CEB8-8B4A-11D0-8D11-00A0C91BC942}") = "MyString", "MyString\MyString.vcxproj", "{FC83A165-2532-44CB-8051-C4F17EA001F5}"
EndProject
Global
	GlobalSection(SolutionConfigurationPlatforms) = preSolution
		Debug|Win32 = Debug|Win32
		Release|Win32 = Release|Win32
	EndGlobalSection
	GlobalSection(ProjectConfigurationPlatforms) = postSolution
		{58743F9C-56DC-4546-819A-2387B92D5E60}.Debug|Win32.ActiveCfg = Debug|Win32
		{58743F9C-56DC-4546-819A-2387B92D5E60}.Debug|Win32.Build.0 = Debug|Win32
		{58743F9C-56DC-4546-819A-2387B92D5E60}.Release|Win32.ActiveCfg = Release|Win32
		{58743F9C-56DC-4546-819A-2387B92D5E60}.Release|Win32.Build.0 = Release|Win32
		{FC83A165-2532-44CB-8051-C4F17EA001F5}.Debug|Win32.ActiveCfg = Debug|Win32
		{FC83A165-2532-44CB-8051-C4F17EA001F5}.Debug|Win32.Build.0 = Debug|Win32
		{FC83A165-2532-44CB-8051-C4F17EA001F5}.Release|Win32.ActiveCfg = Release|Win32
		{FC83A165-2532-44CB-8051-C4F17EA001F5}.Release|Win32.Build.0 = Release|Win32
	EndGlobalSection
	GlobalSection(SolutionProperties) = preSolution
		HideSolutionNode = FALSE
	EndGlobalSection
EndGlobal
